
Microsoft Visual Studio Solution File, Format Version 12.00
# Visual Studio Version 16
VisualStudioVersion = 16.0.29709.97
MinimumVisualStudioVersion = 10.0.40219.1
Project("{FAE04EC0-301F-11D3-BF4B-00C04F79EFBC}") = "EmployeeManagementSystem", "EmployeeManagementSystem.csproj", "{6FDF8A94-67B9-4772-A71D-DEB05FA168F5}"
EndProject
Global
	GlobalSection(SolutionConfigurationPlatforms) = preSolution
		Debug|Any CPU = Debug|Any CPU
		Release|Any CPU = Release|Any CPU
	EndGlobalSection
	GlobalSection(ProjectConfigurationPlatforms) = postSolution
		{6FDF8A94-67B9-4772-A71D-DEB05FA168F5}.Debug|Any CPU.ActiveCfg = Debug|Any CPU
		{6FDF8A94-67B9-4772-A71D-DEB05FA168F5}.Debug|Any CPU.Build.0 = Debug|Any CPU
		{6FDF8A94-67B9-4772-A71D-DEB05FA168F5}.Release|Any CPU.ActiveCfg = Release|Any CPU
		{6FDF8A94-67B9-4772-A71D-DEB05FA168F5}.Release|Any CPU.Build.0 = Release|Any CPU
	EndGlobalSection
	GlobalSection(SolutionProperties) = preSolution
		HideSolutionNode = FALSE
	EndGlobalSection
	GlobalSection(ExtensibilityGlobals) = postSolution
		SolutionGuid = {8FB761C2-F193-423C-B5C1-FC75199FC136}
	EndGlobalSection
EndGlobal
