
Microsoft Visual Studio Solution File, Format Version 12.00
# Visual Studio Version 16
VisualStudioVersion = 16.0.29728.190
MinimumVisualStudioVersion = 10.0.40219.1
Project("{FAE04EC0-301F-11D3-BF4B-00C04F79EFBC}") = "LearningLogger", "LearningLogger.csproj", "{47559F89-5A61-4F6B-8C6F-4A3011164468}"
EndProject
Global
	GlobalSection(SolutionConfigurationPlatforms) = preSolution
		Debug|Any CPU = Debug|Any CPU
		Release|Any CPU = Release|Any CPU
	EndGlobalSection
	GlobalSection(ProjectConfigurationPlatforms) = postSolution
		{47559F89-5A61-4F6B-8C6F-4A3011164468}.Debug|Any CPU.ActiveCfg = Debug|Any CPU
		{47559F89-5A61-4F6B-8C6F-4A3011164468}.Debug|Any CPU.Build.0 = Debug|Any CPU
		{47559F89-5A61-4F6B-8C6F-4A3011164468}.Release|Any CPU.ActiveCfg = Release|Any CPU
		{47559F89-5A61-4F6B-8C6F-4A3011164468}.Release|Any CPU.Build.0 = Release|Any CPU
	EndGlobalSection
	GlobalSection(SolutionProperties) = preSolution
		HideSolutionNode = FALSE
	EndGlobalSection
	GlobalSection(ExtensibilityGlobals) = postSolution
		SolutionGuid = {19766B8F-BA68-4938-B368-AD617547D977}
	EndGlobalSection
EndGlobal
